
Microsoft Visual Studio Solution File, Format Version 12.00
# Visual Studio 14
VisualStudioVersion = 14.0.24720.0
MinimumVisualStudioVersion = 10.0.40219.1
Project("{FAE04EC0-301F-11D3-BF4B-00C04F79EFBC}") = "BowlingGame.NET", "BowlingGame.NET\BowlingGame.NET.csproj", "{5D1EC683-88E8-4F10-9B39-8443E053545A}"
EndProject
Project("{FAE04EC0-301F-11D3-BF4B-00C04F79EFBC}") = "BowlingGame.NETTests", "BowlingGame.NETTests\BowlingGame.NETTests.csproj", "{77EA3490-A9DB-4884-A18F-DCBBC13601B1}"
EndProject
Global
	GlobalSection(SolutionConfigurationPlatforms) = preSolution
		Debug|Any CPU = Debug|Any CPU
		Release|Any CPU = Release|Any CPU
	EndGlobalSection
	GlobalSection(ProjectConfigurationPlatforms) = postSolution
		{5D1EC683-88E8-4F10-9B39-8443E053545A}.Debug|Any CPU.ActiveCfg = Debug|Any CPU
		{5D1EC683-88E8-4F10-9B39-8443E053545A}.Debug|Any CPU.Build.0 = Debug|Any CPU
		{5D1EC683-88E8-4F10-9B39-8443E053545A}.Release|Any CPU.ActiveCfg = Release|Any CPU
		{5D1EC683-88E8-4F10-9B39-8443E053545A}.Release|Any CPU.Build.0 = Release|Any CPU
		{77EA3490-A9DB-4884-A18F-DCBBC13601B1}.Debug|Any CPU.ActiveCfg = Debug|Any CPU
		{77EA3490-A9DB-4884-A18F-DCBBC13601B1}.Debug|Any CPU.Build.0 = Debug|Any CPU
		{77EA3490-A9DB-4884-A18F-DCBBC13601B1}.Release|Any CPU.ActiveCfg = Release|Any CPU
		{77EA3490-A9DB-4884-A18F-DCBBC13601B1}.Release|Any CPU.Build.0 = Release|Any CPU
	EndGlobalSection
	GlobalSection(SolutionProperties) = preSolution
		HideSolutionNode = FALSE
	EndGlobalSection
EndGlobal
